
Microsoft Visual Studio Solution File, Format Version 12.00
# Visual Studio 2012
Project("{FAE04EC0-301F-11D3-BF4B-00C04F79EFBC}") = "MyLife.Game", "MyLife.Game\MyLife.Game.csproj", "{3FD19B53-9A4E-4D2F-84EE-8F15F41E14C0}"
EndProject
Project("{FAE04EC0-301F-11D3-BF4B-00C04F79EFBC}") = "MyLife.Test", "MyLife.Test\MyLife.Test.csproj", "{2758FF60-0A91-4444-B5C4-825D372A6992}"
EndProject
Project("{FAE04EC0-301F-11D3-BF4B-00C04F79EFBC}") = "MyLife.WindowsFormsApp", "MyLife.WindowsFormsApp\MyLife.WindowsFormsApp.csproj", "{14A720AB-0575-4959-9EB1-3453208E6CBE}"
EndProject
Global
	GlobalSection(SolutionConfigurationPlatforms) = preSolution
		Debug|Any CPU = Debug|Any CPU
		Release|Any CPU = Release|Any CPU
	EndGlobalSection
	GlobalSection(ProjectConfigurationPlatforms) = postSolution
		{3FD19B53-9A4E-4D2F-84EE-8F15F41E14C0}.Debug|Any CPU.ActiveCfg = Debug|Any CPU
		{3FD19B53-9A4E-4D2F-84EE-8F15F41E14C0}.Debug|Any CPU.Build.0 = Debug|Any CPU
		{3FD19B53-9A4E-4D2F-84EE-8F15F41E14C0}.Release|Any CPU.ActiveCfg = Release|Any CPU
		{3FD19B53-9A4E-4D2F-84EE-8F15F41E14C0}.Release|Any CPU.Build.0 = Release|Any CPU
		{2758FF60-0A91-4444-B5C4-825D372A6992}.Debug|Any CPU.ActiveCfg = Debug|Any CPU
		{2758FF60-0A91-4444-B5C4-825D372A6992}.Debug|Any CPU.Build.0 = Debug|Any CPU
		{2758FF60-0A91-4444-B5C4-825D372A6992}.Release|Any CPU.ActiveCfg = Release|Any CPU
		{2758FF60-0A91-4444-B5C4-825D372A6992}.Release|Any CPU.Build.0 = Release|Any CPU
		{14A720AB-0575-4959-9EB1-3453208E6CBE}.Debug|Any CPU.ActiveCfg = Debug|Any CPU
		{14A720AB-0575-4959-9EB1-3453208E6CBE}.Debug|Any CPU.Build.0 = Debug|Any CPU
		{14A720AB-0575-4959-9EB1-3453208E6CBE}.Release|Any CPU.ActiveCfg = Release|Any CPU
		{14A720AB-0575-4959-9EB1-3453208E6CBE}.Release|Any CPU.Build.0 = Release|Any CPU
	EndGlobalSection
	GlobalSection(SolutionProperties) = preSolution
		HideSolutionNode = FALSE
	EndGlobalSection
EndGlobal
